
Microsoft Visual Studio Solution File, Format Version 12.00
# Visual Studio Version 17
VisualStudioVersion = 17.13.35828.75 d17.13
MinimumVisualStudioVersion = 10.0.40219.1
Project("{FAE04EC0-301F-11D3-BF4B-00C04F79EFBC}") = "PreSchool", "PreSchool\PreSchool.csproj", "{2AC6D9D6-E7EB-40EA-8A73-0D3BADE82E2B}"
EndProject
Global
	GlobalSection(SolutionConfigurationPlatforms) = preSolution
		Debug|Any CPU = Debug|Any CPU
		Release|Any CPU = Release|Any CPU
	EndGlobalSection
	GlobalSection(ProjectConfigurationPlatforms) = postSolution
		{2AC6D9D6-E7EB-40EA-8A73-0D3BADE82E2B}.Debug|Any CPU.ActiveCfg = Debug|Any CPU
		{2AC6D9D6-E7EB-40EA-8A73-0D3BADE82E2B}.Debug|Any CPU.Build.0 = Debug|Any CPU
		{2AC6D9D6-E7EB-40EA-8A73-0D3BADE82E2B}.Release|Any CPU.ActiveCfg = Release|Any CPU
		{2AC6D9D6-E7EB-40EA-8A73-0D3BADE82E2B}.Release|Any CPU.Build.0 = Release|Any CPU
	EndGlobalSection
	GlobalSection(SolutionProperties) = preSolution
		HideSolutionNode = FALSE
	EndGlobalSection
	GlobalSection(ExtensibilityGlobals) = postSolution
		SolutionGuid = {837C8773-F366-4F2C-BA70-A3A83C7BCA0D}
	EndGlobalSection
EndGlobal
